
Microsoft Visual Studio Solution File, Format Version 12.00
# Visual Studio 15
VisualStudioVersion = 15.0.28307.168
MinimumVisualStudioVersion = 10.0.40219.1
Project("{FAE04EC0-301F-11D3-BF4B-00C04F79EFBC}") = "WeBrowser", "WeBrowser\WeBrowser.csproj", "{01A74208-1AA4-483F-8025-68A74159CF39}"
EndProject
Global
	GlobalSection(SolutionConfigurationPlatforms) = preSolution
		Debug|Any CPU = Debug|Any CPU
		Release|Any CPU = Release|Any CPU
	EndGlobalSection
	GlobalSection(ProjectConfigurationPlatforms) = postSolution
		{01A74208-1AA4-483F-8025-68A74159CF39}.Debug|Any CPU.ActiveCfg = Debug|Any CPU
		{01A74208-1AA4-483F-8025-68A74159CF39}.Debug|Any CPU.Build.0 = Debug|Any CPU
		{01A74208-1AA4-483F-8025-68A74159CF39}.Release|Any CPU.ActiveCfg = Release|Any CPU
		{01A74208-1AA4-483F-8025-68A74159CF39}.Release|Any CPU.Build.0 = Release|Any CPU
	EndGlobalSection
	GlobalSection(SolutionProperties) = preSolution
		HideSolutionNode = FALSE
	EndGlobalSection
	GlobalSection(ExtensibilityGlobals) = postSolution
		SolutionGuid = {6F2886C4-8C4E-4B03-81F2-43E244A539DD}
	EndGlobalSection
EndGlobal
